
Microsoft Visual Studio Solution File, Format Version 12.00
# Visual Studio Version 17
VisualStudioVersion = 17.7.34031.279
MinimumVisualStudioVersion = 10.0.40219.1
Project("{9A19103F-16F7-4668-BE54-9A1E7A4F7556}") = "WebApi", "WebApi.csproj", "{03DC5E7C-8257-4F4C-AFAC-36E929EBF0DF}"
EndProject
Global
	GlobalSection(SolutionConfigurationPlatforms) = preSolution
		Debug|Any CPU = Debug|Any CPU
		Release|Any CPU = Release|Any CPU
	EndGlobalSection
	GlobalSection(ProjectConfigurationPlatforms) = postSolution
		{03DC5E7C-8257-4F4C-AFAC-36E929EBF0DF}.Debug|Any CPU.ActiveCfg = Debug|Any CPU
		{03DC5E7C-8257-4F4C-AFAC-36E929EBF0DF}.Debug|Any CPU.Build.0 = Debug|Any CPU
		{03DC5E7C-8257-4F4C-AFAC-36E929EBF0DF}.Release|Any CPU.ActiveCfg = Release|Any CPU
		{03DC5E7C-8257-4F4C-AFAC-36E929EBF0DF}.Release|Any CPU.Build.0 = Release|Any CPU
	EndGlobalSection
	GlobalSection(SolutionProperties) = preSolution
		HideSolutionNode = FALSE
	EndGlobalSection
	GlobalSection(ExtensibilityGlobals) = postSolution
		SolutionGuid = {9B8E3BC1-DC8D-4258-9DE5-81EFA62AE9E8}
	EndGlobalSection
EndGlobal
